
Microsoft Visual Studio Solution File, Format Version 12.00
# Visual Studio 15
VisualStudioVersion = 15.0.26430.14
MinimumVisualStudioVersion = 10.0.40219.1
Project("{FAE04EC0-301F-11D3-BF4B-00C04F79EFBC}") = "forest_serv_sys", "forest_serv_sys\forest_serv_sys.csproj", "{F2CAFEFB-9E72-4D36-9A54-617EA56B87DC}"
EndProject
Project("{FAE04EC0-301F-11D3-BF4B-00C04F79EFBC}") = "controler", "..\controler\controler\controler.csproj", "{37D02B19-2D23-465C-B640-D0170E8BFB4B}"
EndProject
Project("{FAE04EC0-301F-11D3-BF4B-00C04F79EFBC}") = "web_cam", "..\web_cam\web_cam\web_cam.csproj", "{1734E259-51E1-4388-8AAB-E3FFA6735ACA}"
EndProject
Project("{FAE04EC0-301F-11D3-BF4B-00C04F79EFBC}") = "DataVisualiser", "..\DataVisualiser\DataVisualiser\DataVisualiser.csproj", "{4287258E-0832-42F7-962E-3C455F98D5A2}"
EndProject
Global
	GlobalSection(SolutionConfigurationPlatforms) = preSolution
		Debug|Any CPU = Debug|Any CPU
		Release|Any CPU = Release|Any CPU
	EndGlobalSection
	GlobalSection(ProjectConfigurationPlatforms) = postSolution
		{F2CAFEFB-9E72-4D36-9A54-617EA56B87DC}.Debug|Any CPU.ActiveCfg = Debug|Any CPU
		{F2CAFEFB-9E72-4D36-9A54-617EA56B87DC}.Debug|Any CPU.Build.0 = Debug|Any CPU
		{F2CAFEFB-9E72-4D36-9A54-617EA56B87DC}.Release|Any CPU.ActiveCfg = Release|Any CPU
		{F2CAFEFB-9E72-4D36-9A54-617EA56B87DC}.Release|Any CPU.Build.0 = Release|Any CPU
		{37D02B19-2D23-465C-B640-D0170E8BFB4B}.Debug|Any CPU.ActiveCfg = Debug|Any CPU
		{37D02B19-2D23-465C-B640-D0170E8BFB4B}.Debug|Any CPU.Build.0 = Debug|Any CPU
		{37D02B19-2D23-465C-B640-D0170E8BFB4B}.Release|Any CPU.ActiveCfg = Release|Any CPU
		{37D02B19-2D23-465C-B640-D0170E8BFB4B}.Release|Any CPU.Build.0 = Release|Any CPU
		{1734E259-51E1-4388-8AAB-E3FFA6735ACA}.Debug|Any CPU.ActiveCfg = Debug|Any CPU
		{1734E259-51E1-4388-8AAB-E3FFA6735ACA}.Debug|Any CPU.Build.0 = Debug|Any CPU
		{1734E259-51E1-4388-8AAB-E3FFA6735ACA}.Release|Any CPU.ActiveCfg = Release|Any CPU
		{1734E259-51E1-4388-8AAB-E3FFA6735ACA}.Release|Any CPU.Build.0 = Release|Any CPU
		{4287258E-0832-42F7-962E-3C455F98D5A2}.Debug|Any CPU.ActiveCfg = Debug|Any CPU
		{4287258E-0832-42F7-962E-3C455F98D5A2}.Debug|Any CPU.Build.0 = Debug|Any CPU
		{4287258E-0832-42F7-962E-3C455F98D5A2}.Release|Any CPU.ActiveCfg = Release|Any CPU
		{4287258E-0832-42F7-962E-3C455F98D5A2}.Release|Any CPU.Build.0 = Release|Any CPU
	EndGlobalSection
	GlobalSection(SolutionProperties) = preSolution
		HideSolutionNode = FALSE
	EndGlobalSection
EndGlobal
